// !$*UTF8*$!
{
	archiveVersion = 1;
	classes = {
	};
	objectVersion = 48;
	objects = {

/* Begin PBXBuildFile section */
		412D39701F9389D900B18BD7 /* face.jpg in Resources */ = {isa = PBXBuildFile; fileRef = 412D396D1F9383E800B18BD7 /* face.jpg */; };
		412D39711F9389DC00B18BD7 /* fish.jpg in Resources */ = {isa = PBXBuildFile; fileRef = 412D396F1F9383E800B18BD7 /* fish.jpg */; };
		412D39721F9389E000B18BD7 /* yoga.jpg in Resources */ = {isa = PBXBuildFile; fileRef = 412D396E1F9383E800B18BD7 /* yoga.jpg */; };
		412D39741F93906B00B18BD7 /* download.png in Resources */ = {isa = PBXBuildFile; fileRef = 412D39731F938F9900B18BD7 /* download.png */; };
		412D39761FA0F7AC00B18BD7 /* DetailViewController.swift in Sources */ = {isa = PBXBuildFile; fileRef = 412D39751FA0F7AC00B18BD7 /* DetailViewController.swift */; };
		41A078391F91171000CD60BD /* AppDelegate.swift in Sources */ = {isa = PBXBuildFile; fileRef = 41A078381F91171000CD60BD /* AppDelegate.swift */; };
		41A0783B1F91171000CD60BD /* ViewController.swift in Sources */ = {isa = PBXBuildFile; fileRef = 41A0783A1F91171000CD60BD /* ViewController.swift */; };
		41A0783E1F91171000CD60BD /* Main.storyboard in Resources */ = {isa = PBXBuildFile; fileRef = 41A0783C1F91171000CD60BD /* Main.storyboard */; };
		41A078401F91171000CD60BD /* Assets.xcassets in Resources */ = {isa = PBXBuildFile; fileRef = 41A0783F1F91171000CD60BD /* Assets.xcassets */; };
		41A078431F91171000CD60BD /* LaunchScreen.storyboard in Resources */ = {isa = PBXBuildFile; fileRef = 41A078411F91171000CD60BD /* LaunchScreen.storyboard */; };
		41A0784B1F914BD000CD60BD /* SideMenuVC.swift in Sources */ = {isa = PBXBuildFile; fileRef = 41A0784A1F914BD000CD60BD /* SideMenuVC.swift */; };
		41A0784D1F91FE7400CD60BD /* MainVC.swift in Sources */ = {isa = PBXBuildFile; fileRef = 41A0784C1F91FE7400CD60BD /* MainVC.swift */; };
		41A0784F1F92208500CD60BD /* ExerciseTableViewCell.swift in Sources */ = {isa = PBXBuildFile; fileRef = 41A0784E1F92208500CD60BD /* ExerciseTableViewCell.swift */; };
		41A078511F92681A00CD60BD /* ExercisesViewController.swift in Sources */ = {isa = PBXBuildFile; fileRef = 41A078501F92681A00CD60BD /* ExercisesViewController.swift */; };
		41A078561F937CAA00CD60BD /* ExercisecViewControllerTableViewCell.swift in Sources */ = {isa = PBXBuildFile; fileRef = 41A078551F937CAA00CD60BD /* ExercisecViewControllerTableViewCell.swift */; };
/* End PBXBuildFile section */

/* Begin PBXFileReference section */
		412D396D1F9383E800B18BD7 /* face.jpg */ = {isa = PBXFileReference; lastKnownFileType = image.jpeg; name = face.jpg; path = ../../../face.jpg; sourceTree = "<group>"; };
		412D396E1F9383E800B18BD7 /* yoga.jpg */ = {isa = PBXFileReference; lastKnownFileType = image.jpeg; name = yoga.jpg; path = ../../../yoga.jpg; sourceTree = "<group>"; };
		412D396F1F9383E800B18BD7 /* fish.jpg */ = {isa = PBXFileReference; lastKnownFileType = image.jpeg; name = fish.jpg; path = ../../../fish.jpg; sourceTree = "<group>"; };
		412D39731F938F9900B18BD7 /* download.png */ = {isa = PBXFileReference; lastKnownFileType = image.png; path = download.png; sourceTree = "<group>"; };
		412D39751FA0F7AC00B18BD7 /* DetailViewController.swift */ = {isa = PBXFileReference; lastKnownFileType = sourcecode.swift; path = DetailViewController.swift; sourceTree = "<group>"; };
		41A078351F91171000CD60BD /* ASLI.app */ = {isa = PBXFileReference; explicitFileType = wrapper.application; includeInIndex = 0; path = ASLI.app; sourceTree = BUILT_PRODUCTS_DIR; };
		41A078381F91171000CD60BD /* AppDelegate.swift */ = {isa = PBXFileReference; lastKnownFileType = sourcecode.swift; path = AppDelegate.swift; sourceTree = "<group>"; };
		41A0783A1F91171000CD60BD /* ViewController.swift */ = {isa = PBXFileReference; lastKnownFileType = sourcecode.swift; path = ViewController.swift; sourceTree = "<group>"; };
		41A0783D1F91171000CD60BD /* Base */ = {isa = PBXFileReference; lastKnownFileType = file.storyboard; name = Base; path = Base.lproj/Main.storyboard; sourceTree = "<group>"; };
		41A0783F1F91171000CD60BD /* Assets.xcassets */ = {isa = PBXFileReference; lastKnownFileType = folder.assetcatalog; path = Assets.xcassets; sourceTree = "<group>"; };
		41A078421F91171000CD60BD /* Base */ = {isa = PBXFileReference; lastKnownFileType = file.storyboard; name = Base; path = Base.lproj/LaunchScreen.storyboard; sourceTree = "<group>"; };
		41A078441F91171000CD60BD /* Info.plist */ = {isa = PBXFileReference; lastKnownFileType = text.plist.xml; path = Info.plist; sourceTree = "<group>"; };
		41A0784A1F914BD000CD60BD /* SideMenuVC.swift */ = {isa = PBXFileReference; lastKnownFileType = sourcecode.swift; path = SideMenuVC.swift; sourceTree = "<group>"; };
		41A0784C1F91FE7400CD60BD /* MainVC.swift */ = {isa = PBXFileReference; lastKnownFileType = sourcecode.swift; path = MainVC.swift; sourceTree = "<group>"; };
		41A0784E1F92208500CD60BD /* ExerciseTableViewCell.swift */ = {isa = PBXFileReference; lastKnownFileType = sourcecode.swift; path = ExerciseTableViewCell.swift; sourceTree = "<group>"; };
		41A078501F92681A00CD60BD /* ExercisesViewController.swift */ = {isa = PBXFileReference; lastKnownFileType = sourcecode.swift; path = ExercisesViewController.swift; sourceTree = "<group>"; };
		41A078551F937CAA00CD60BD /* ExercisecViewControllerTableViewCell.swift */ = {isa = PBXFileReference; lastKnownFileType = sourcecode.swift; path = ExercisecViewControllerTableViewCell.swift; sourceTree = "<group>"; };
/* End PBXFileReference section */

/* Begin PBXFrameworksBuildPhase section */
		41A078321F91171000CD60BD /* Frameworks */ = {
			isa = PBXFrameworksBuildPhase;
			buildActionMask = 2147483647;
			files = (
			);
			runOnlyForDeploymentPostprocessing = 0;
		};
/* End PBXFrameworksBuildPhase section */

/* Begin PBXGroup section */
		41A0782C1F91171000CD60BD = {
			isa = PBXGroup;
			children = (
				41A078371F91171000CD60BD /* ASLI */,
				41A078361F91171000CD60BD /* Products */,
			);
			sourceTree = "<group>";
		};
		41A078361F91171000CD60BD /* Products */ = {
			isa = PBXGroup;
			children = (
				41A078351F91171000CD60BD /* ASLI.app */,
			);
			name = Products;
			sourceTree = "<group>";
		};
		41A078371F91171000CD60BD /* ASLI */ = {
			isa = PBXGroup;
			children = (
				412D396D1F9383E800B18BD7 /* face.jpg */,
				412D396F1F9383E800B18BD7 /* fish.jpg */,
				412D396E1F9383E800B18BD7 /* yoga.jpg */,
				41A078381F91171000CD60BD /* AppDelegate.swift */,
				41A0783A1F91171000CD60BD /* ViewController.swift */,
				41A0784A1F914BD000CD60BD /* SideMenuVC.swift */,
				41A078501F92681A00CD60BD /* ExercisesViewController.swift */,
				412D39751FA0F7AC00B18BD7 /* DetailViewController.swift */,
				41A0784E1F92208500CD60BD /* ExerciseTableViewCell.swift */,
				412D39731F938F9900B18BD7 /* download.png */,
				41A0784C1F91FE7400CD60BD /* MainVC.swift */,
				41A0783C1F91171000CD60BD /* Main.storyboard */,
				41A078551F937CAA00CD60BD /* ExercisecViewControllerTableViewCell.swift */,
				41A0783F1F91171000CD60BD /* Assets.xcassets */,
				41A078411F91171000CD60BD /* LaunchScreen.storyboard */,
				41A078441F91171000CD60BD /* Info.plist */,
			);
			path = ASLI;
			sourceTree = "<group>";
		};
/* End PBXGroup section */

/* Begin PBXNativeTarget section */
		41A078341F91171000CD60BD /* ASLI */ = {
			isa = PBXNativeTarget;
			buildConfigurationList = 41A078471F91171000CD60BD /* Build configuration list for PBXNativeTarget "ASLI" */;
			buildPhases = (
				41A078311F91171000CD60BD /* Sources */,
				41A078321F91171000CD60BD /* Frameworks */,
				41A078331F91171000CD60BD /* Resources */,
			);
			buildRules = (
			);
			dependencies = (
			);
			name = ASLI;
			productName = ASLI;
			productReference = 41A078351F91171000CD60BD /* ASLI.app */;
			productType = "com.apple.product-type.application";
		};
/* End PBXNativeTarget section */

/* Begin PBXProject section */
		41A0782D1F91171000CD60BD /* Project object */ = {
			isa = PBXProject;
			attributes = {
				LastSwiftUpdateCheck = 0900;
				LastUpgradeCheck = 0900;
				ORGANIZATIONNAME = "Ali Can Erkilic";
				TargetAttributes = {
					41A078341F91171000CD60BD = {
						CreatedOnToolsVersion = 9.0;
						ProvisioningStyle = Automatic;
					};
				};
			};
			buildConfigurationList = 41A078301F91171000CD60BD /* Build configuration list for PBXProject "ASLI" */;
			compatibilityVersion = "Xcode 8.0";
			developmentRegion = en;
			hasScannedForEncodings = 0;
			knownRegions = (
				en,
				Base,
			);
			mainGroup = 41A0782C1F91171000CD60BD;
			productRefGroup = 41A078361F91171000CD60BD /* Products */;
			projectDirPath = "";
			projectRoot = "";
			targets = (
				41A078341F91171000CD60BD /* ASLI */,
			);
		};
/* End PBXProject section */

/* Begin PBXResourcesBuildPhase section */
		41A078331F91171000CD60BD /* Resources */ = {
			isa = PBXResourcesBuildPhase;
			buildActionMask = 2147483647;
			files = (
				41A078431F91171000CD60BD /* LaunchScreen.storyboard in Resources */,
				412D39721F9389E000B18BD7 /* yoga.jpg in Resources */,
				412D39711F9389DC00B18BD7 /* fish.jpg in Resources */,
				41A078401F91171000CD60BD /* Assets.xcassets in Resources */,
				412D39701F9389D900B18BD7 /* face.jpg in Resources */,
				412D39741F93906B00B18BD7 /* download.png in Resources */,
				41A0783E1F91171000CD60BD /* Main.storyboard in Resources */,
			);
			runOnlyForDeploymentPostprocessing = 0;
		};
/* End PBXResourcesBuildPhase section */

/* Begin PBXSourcesBuildPhase section */
		41A078311F91171000CD60BD /* Sources */ = {
			isa = PBXSourcesBuildPhase;
			buildActionMask = 2147483647;
			files = (
				41A0783B1F91171000CD60BD /* ViewController.swift in Sources */,
				41A0784F1F92208500CD60BD /* ExerciseTableViewCell.swift in Sources */,
				41A078511F92681A00CD60BD /* ExercisesViewController.swift in Sources */,
				41A0784D1F91FE7400CD60BD /* MainVC.swift in Sources */,
				41A078561F937CAA00CD60BD /* ExercisecViewControllerTableViewCell.swift in Sources */,
				41A078391F91171000CD60BD /* AppDelegate.swift in Sources */,
				41A0784B1F914BD000CD60BD /* SideMenuVC.swift in Sources */,
				412D39761FA0F7AC00B18BD7 /* DetailViewController.swift in Sources */,
			);
			runOnlyForDeploymentPostprocessing = 0;
		};
/* End PBXSourcesBuildPhase section */

/* Begin PBXVariantGroup section */
		41A0783C1F91171000CD60BD /* Main.storyboard */ = {
			isa = PBXVariantGroup;
			children = (
				41A0783D1F91171000CD60BD /* Base */,
			);
			name = Main.storyboard;
			sourceTree = "<group>";
		};
		41A078411F91171000CD60BD /* LaunchScreen.storyboard */ = {
			isa = PBXVariantGroup;
			children = (
				41A078421F91171000CD60BD /* Base */,
			);
			name = LaunchScreen.storyboard;
			sourceTree = "<group>";
		};
/* End PBXVariantGroup section */

/* Begin XCBuildConfiguration section */
		41A078451F91171000CD60BD /* Debug */ = {
			isa = XCBuildConfiguration;
			buildSettings = {
				ALWAYS_SEARCH_USER_PATHS = NO;
				CLANG_ANALYZER_NONNULL = YES;
				CLANG_ANALYZER_NUMBER_OBJECT_CONVERSION = YES_AGGRESSIVE;
				CLANG_CXX_LANGUAGE_STANDARD = "gnu++14";
				CLANG_CXX_LIBRARY = "libc++";
				CLANG_ENABLE_MODULES = YES;
				CLANG_ENABLE_OBJC_ARC = YES;
				CLANG_WARN_BLOCK_CAPTURE_AUTORELEASING = YES;
				CLANG_WARN_BOOL_CONVERSION = YES;
				CLANG_WARN_COMMA = YES;
				CLANG_WARN_CONSTANT_CONVERSION = YES;
				CLANG_WARN_DIRECT_OBJC_ISA_USAGE = YES_ERROR;
				CLANG_WARN_DOCUMENTATION_COMMENTS = YES;
				CLANG_WARN_EMPTY_BODY = YES;
				CLANG_WARN_ENUM_CONVERSION = YES;
				CLANG_WARN_INFINITE_RECURSION = YES;
				CLANG_WARN_INT_CONVERSION = YES;
				CLANG_WARN_NON_LITERAL_NULL_CONVERSION = YES;
				CLANG_WARN_OBJC_LITERAL_CONVERSION = YES;
				CLANG_WARN_OBJC_ROOT_CLASS = YES_ERROR;
				CLANG_WARN_RANGE_LOOP_ANALYSIS = YES;
				CLANG_WARN_STRICT_PROTOTYPES = YES;
				CLANG_WARN_SUSPICIOUS_MOVE = YES;
				CLANG_WARN_UNGUARDED_AVAILABILITY = YES_AGGRESSIVE;
				CLANG_WARN_UNREACHABLE_CODE = YES;
				CLANG_WARN__DUPLICATE_METHOD_MATCH = YES;
				CODE_SIGN_IDENTITY = "iPhone Developer";
				COPY_PHASE_STRIP = NO;
				DEBUG_INFORMATION_FORMAT = dwarf;
				ENABLE_STRICT_OBJC_MSGSEND = YES;
				ENABLE_TESTABILITY = YES;
				GCC_C_LANGUAGE_STANDARD = gnu11;
				GCC_DYNAMIC_NO_PIC = NO;
				GCC_NO_COMMON_BLOCKS = YES;
				GCC_OPTIMIZATION_LEVEL = 0;
				GCC_PREPROCESSOR_DEFINITIONS = (
					"DEBUG=1",
					"$(inherited)",
				);
				GCC_WARN_64_TO_32_BIT_CONVERSION = YES;
				GCC_WARN_ABOUT_RETURN_TYPE = YES_ERROR;
				GCC_WARN_UNDECLARED_SELECTOR = YES;
				GCC_WARN_UNINITIALIZED_AUTOS = YES_AGGRESSIVE;
				GCC_WARN_UNUSED_FUNCTION = YES;
				GCC_WARN_UNUSED_VARIABLE = YES;
				IPHONEOS_DEPLOYMENT_TARGET = 11.0;
				MTL_ENABLE_DEBUG_INFO = YES;
				ONLY_ACTIVE_ARCH = YES;
				SDKROOT = iphoneos;
				SWIFT_ACTIVE_COMPILATION_CONDITIONS = DEBUG;
				SWIFT_OPTIMIZATION_LEVEL = "-Onone";
			};
			name = Debug;
		};
		41A078461F91171000CD60BD /* Release */ = {
			isa = XCBuildConfiguration;
			buildSettings = {
				ALWAYS_SEARCH_USER_PATHS = NO;
				CLANG_ANALYZER_NONNULL = YES;
				CLANG_ANALYZER_NUMBER_OBJECT_CONVERSION = YES_AGGRESSIVE;
				CLANG_CXX_LANGUAGE_STANDARD = "gnu++14";
				CLANG_CXX_LIBRARY = "libc++";
				CLANG_ENABLE_MODULES = YES;
				CLANG_ENABLE_OBJC_ARC = YES;
				CLANG_WARN_BLOCK_CAPTURE_AUTORELEASING = YES;
				CLANG_WARN_BOOL_CONVERSION = YES;
				CLANG_WARN_COMMA = YES;
				CLANG_WARN_CONSTANT_CONVERSION = YES;
				CLANG_WARN_DIRECT_OBJC_ISA_USAGE = YES_ERROR;
				CLANG_WARN_DOCUMENTATION_COMMENTS = YES;
				CLANG_WARN_EMPTY_BODY = YES;
				CLANG_WARN_ENUM_CONVERSION = YES;
				CLANG_WARN_INFINITE_RECURSION = YES;
				CLANG_WARN_INT_CONVERSION = YES;
				CLANG_WARN_NON_LITERAL_NULL_CONVERSION = YES;
				CLANG_WARN_OBJC_LITERAL_CONVERSION = YES;
				CLANG_WARN_OBJC_ROOT_CLASS = YES_ERROR;
				CLANG_WARN_RANGE_LOOP_ANALYSIS = YES;
				CLANG_WARN_STRICT_PROTOTYPES = YES;
				CLANG_WARN_SUSPICIOUS_MOVE = YES;
				CLANG_WARN_UNGUARDED_AVAILABILITY = YES_AGGRESSIVE;
				CLANG_WARN_UNREACHABLE_CODE = YES;
				CLANG_WARN__DUPLICATE_METHOD_MATCH = YES;
				CODE_SIGN_IDENTITY = "iPhone Developer";
				COPY_PHASE_STRIP = NO;
				DEBUG_INFORMATION_FORMAT = "dwarf-with-dsym";
				ENABLE_NS_ASSERTIONS = NO;
				ENABLE_STRICT_OBJC_MSGSEND = YES;
				GCC_C_LANGUAGE_STANDARD = gnu11;
				GCC_NO_COMMON_BLOCKS = YES;
				GCC_WARN_64_TO_32_BIT_CONVERSION = YES;
				GCC_WARN_ABOUT_RETURN_TYPE = YES_ERROR;
				GCC_WARN_UNDECLARED_SELECTOR = YES;
				GCC_WARN_UNINITIALIZED_AUTOS = YES_AGGRESSIVE;
				GCC_WARN_UNUSED_FUNCTION = YES;
				GCC_WARN_UNUSED_VARIABLE = YES;
				IPHONEOS_DEPLOYMENT_TARGET = 11.0;
				MTL_ENABLE_DEBUG_INFO = NO;
				SDKROOT = iphoneos;
				SWIFT_OPTIMIZATION_LEVEL = "-Owholemodule";
				VALIDATE_PRODUCT = YES;
			};
			name = Release;
		};
		41A078481F91171000CD60BD /* Debug */ = {
			isa = XCBuildConfiguration;
			buildSettings = {
				ASSETCATALOG_COMPILER_APPICON_NAME = AppIcon;
				CODE_SIGN_STYLE = Automatic;
				DEVELOPMENT_TEAM = 66GNL33E25;
				INFOPLIST_FILE = ASLI/Info.plist;
				LD_RUNPATH_SEARCH_PATHS = "$(inherited) @executable_path/Frameworks";
				PRODUCT_BUNDLE_IDENTIFIER = com.alierk.ASLI;
				PRODUCT_NAME = "$(TARGET_NAME)";
				SWIFT_VERSION = 4.0;
				TARGETED_DEVICE_FAMILY = "1,2";
			};
			name = Debug;
		};
		41A078491F91171000CD60BD /* Release */ = {
			isa = XCBuildConfiguration;
			buildSettings = {
				ASSETCATALOG_COMPILER_APPICON_NAME = AppIcon;
				CODE_SIGN_STYLE = Automatic;
				DEVELOPMENT_TEAM = 66GNL33E25;
				INFOPLIST_FILE = ASLI/Info.plist;
				LD_RUNPATH_SEARCH_PATHS = "$(inherited) @executable_path/Frameworks";
				PRODUCT_BUNDLE_IDENTIFIER = com.alierk.ASLI;
				PRODUCT_NAME = "$(TARGET_NAME)";
				SWIFT_VERSION = 4.0;
				TARGETED_DEVICE_FAMILY = "1,2";
			};
			name = Release;
		};
/* End XCBuildConfiguration section */

/* Begin XCConfigurationList section */
		41A078301F91171000CD60BD /* Build configuration list for PBXProject "ASLI" */ = {
			isa = XCConfigurationList;
			buildConfigurations = (
				41A078451F91171000CD60BD /* Debug */,
				41A078461F91171000CD60BD /* Release */,
			);
			defaultConfigurationIsVisible = 0;
			defaultConfigurationName = Release;
		};
		41A078471F91171000CD60BD /* Build configuration list for PBXNativeTarget "ASLI" */ = {
			isa = XCConfigurationList;
			buildConfigurations = (
				41A078481F91171000CD60BD /* Debug */,
				41A078491F91171000CD60BD /* Release */,
			);
			defaultConfigurationIsVisible = 0;
			defaultConfigurationName = Release;
		};
/* End XCConfigurationList section */
	};
	rootObject = 41A0782D1F91171000CD60BD /* Project object */;
}
