// !$*UTF8*$!
{
	archiveVersion = 1;
	classes = {
	};
	objectVersion = 48;
	objects = {

/* Begin PBXBuildFile section */
		410249AE1FA1C86F00E8EF80 /* ASLI.xcdatamodeld in Sources */ = {isa = PBXBuildFile; fileRef = 410249AC1FA1C86F00E8EF80 /* ASLI.xcdatamodeld */; };
		410249BA1FA1E57800E8EF80 /* PersistenceService.swift in Sources */ = {isa = PBXBuildFile; fileRef = 410249B91FA1E57700E8EF80 /* PersistenceService.swift */; };
		410249BD1FA1EB9800E8EF80 /* Movement+CoreDataClass.swift in Sources */ = {isa = PBXBuildFile; fileRef = 410249BB1FA1EB9800E8EF80 /* Movement+CoreDataClass.swift */; };
		410249BE1FA1EB9800E8EF80 /* Movement+CoreDataProperties.swift in Sources */ = {isa = PBXBuildFile; fileRef = 410249BC1FA1EB9800E8EF80 /* Movement+CoreDataProperties.swift */; };
		410249C01FA1F25D00E8EF80 /* LikedExercisesVC.swift in Sources */ = {isa = PBXBuildFile; fileRef = 410249BF1FA1F25D00E8EF80 /* LikedExercisesVC.swift */; };
		4102934D1FB266E300F2C857 /* LikedVCTableViewCell.swift in Sources */ = {isa = PBXBuildFile; fileRef = 4102934C1FB266E300F2C857 /* LikedVCTableViewCell.swift */; };
		412D39761FA0F7AC00B18BD7 /* ExerciseDetailVC.swift in Sources */ = {isa = PBXBuildFile; fileRef = 412D39751FA0F7AC00B18BD7 /* ExerciseDetailVC.swift */; };
		416198C81FAC757D00B3BDD1 /* face.jpg in Resources */ = {isa = PBXBuildFile; fileRef = 416198C41FAC756C00B3BDD1 /* face.jpg */; };
		416198C91FAC758100B3BDD1 /* fish.jpg in Resources */ = {isa = PBXBuildFile; fileRef = 416198C31FAC756C00B3BDD1 /* fish.jpg */; };
		416198CA1FAC758400B3BDD1 /* hearth.png in Resources */ = {isa = PBXBuildFile; fileRef = 416198C51FAC756C00B3BDD1 /* hearth.png */; };
		416198CB1FAC758600B3BDD1 /* like_on.png in Resources */ = {isa = PBXBuildFile; fileRef = 416198C21FAC756B00B3BDD1 /* like_on.png */; };
		416198CC1FAC758900B3BDD1 /* mainMenu.jpg in Resources */ = {isa = PBXBuildFile; fileRef = 416198C61FAC757300B3BDD1 /* mainMenu.jpg */; };
		416198CD1FAC758B00B3BDD1 /* yoga.jpg in Resources */ = {isa = PBXBuildFile; fileRef = 416198C71FAC757A00B3BDD1 /* yoga.jpg */; };
		416198CF1FAC786F00B3BDD1 /* menu.png in Resources */ = {isa = PBXBuildFile; fileRef = 416198CE1FAC786A00B3BDD1 /* menu.png */; };
		416198D11FAC848F00B3BDD1 /* DesignView.swift in Sources */ = {isa = PBXBuildFile; fileRef = 416198D01FAC848F00B3BDD1 /* DesignView.swift */; };
		416198D31FACB40F00B3BDD1 /* menu (1).png in Resources */ = {isa = PBXBuildFile; fileRef = 416198D21FACB40A00B3BDD1 /* menu (1).png */; };
		416198D51FACB4E500B3BDD1 /* mainMenu2.jpg in Resources */ = {isa = PBXBuildFile; fileRef = 416198D41FACB4E000B3BDD1 /* mainMenu2.jpg */; };
		416198D71FACB51A00B3BDD1 /* mainMenu3.jpg in Resources */ = {isa = PBXBuildFile; fileRef = 416198D61FACB51700B3BDD1 /* mainMenu3.jpg */; };
		41A078391F91171000CD60BD /* AppDelegate.swift in Sources */ = {isa = PBXBuildFile; fileRef = 41A078381F91171000CD60BD /* AppDelegate.swift */; };
		41A0783B1F91171000CD60BD /* ViewController.swift in Sources */ = {isa = PBXBuildFile; fileRef = 41A0783A1F91171000CD60BD /* ViewController.swift */; };
		41A0783E1F91171000CD60BD /* Main.storyboard in Resources */ = {isa = PBXBuildFile; fileRef = 41A0783C1F91171000CD60BD /* Main.storyboard */; };
		41A078401F91171000CD60BD /* Assets.xcassets in Resources */ = {isa = PBXBuildFile; fileRef = 41A0783F1F91171000CD60BD /* Assets.xcassets */; };
		41A078431F91171000CD60BD /* LaunchScreen.storyboard in Resources */ = {isa = PBXBuildFile; fileRef = 41A078411F91171000CD60BD /* LaunchScreen.storyboard */; };
		41A0784B1F914BD000CD60BD /* SideMenuVC.swift in Sources */ = {isa = PBXBuildFile; fileRef = 41A0784A1F914BD000CD60BD /* SideMenuVC.swift */; };
		41A0784D1F91FE7400CD60BD /* MainVC.swift in Sources */ = {isa = PBXBuildFile; fileRef = 41A0784C1F91FE7400CD60BD /* MainVC.swift */; };
		41A078511F92681A00CD60BD /* ExercisesVC.swift in Sources */ = {isa = PBXBuildFile; fileRef = 41A078501F92681A00CD60BD /* ExercisesVC.swift */; };
		41A078561F937CAA00CD60BD /* ExercisesVCTableViewCell.swift in Sources */ = {isa = PBXBuildFile; fileRef = 41A078551F937CAA00CD60BD /* ExercisesVCTableViewCell.swift */; };
/* End PBXBuildFile section */

/* Begin PBXFileReference section */
		410249AD1FA1C86F00E8EF80 /* ASLI.xcdatamodel */ = {isa = PBXFileReference; lastKnownFileType = wrapper.xcdatamodel; path = ASLI.xcdatamodel; sourceTree = "<group>"; };
		410249B91FA1E57700E8EF80 /* PersistenceService.swift */ = {isa = PBXFileReference; lastKnownFileType = sourcecode.swift; path = PersistenceService.swift; sourceTree = "<group>"; };
		410249BB1FA1EB9800E8EF80 /* Movement+CoreDataClass.swift */ = {isa = PBXFileReference; lastKnownFileType = sourcecode.swift; path = "Movement+CoreDataClass.swift"; sourceTree = "<group>"; };
		410249BC1FA1EB9800E8EF80 /* Movement+CoreDataProperties.swift */ = {isa = PBXFileReference; lastKnownFileType = sourcecode.swift; path = "Movement+CoreDataProperties.swift"; sourceTree = "<group>"; };
		410249BF1FA1F25D00E8EF80 /* LikedExercisesVC.swift */ = {isa = PBXFileReference; lastKnownFileType = sourcecode.swift; path = LikedExercisesVC.swift; sourceTree = "<group>"; };
		4102934C1FB266E300F2C857 /* LikedVCTableViewCell.swift */ = {isa = PBXFileReference; lastKnownFileType = sourcecode.swift; path = LikedVCTableViewCell.swift; sourceTree = "<group>"; };
		412D39751FA0F7AC00B18BD7 /* ExerciseDetailVC.swift */ = {isa = PBXFileReference; lastKnownFileType = sourcecode.swift; path = ExerciseDetailVC.swift; sourceTree = "<group>"; };
		416198C21FAC756B00B3BDD1 /* like_on.png */ = {isa = PBXFileReference; lastKnownFileType = image.png; name = like_on.png; path = ../../../images/like_on.png; sourceTree = "<group>"; };
		416198C31FAC756C00B3BDD1 /* fish.jpg */ = {isa = PBXFileReference; lastKnownFileType = image.jpeg; name = fish.jpg; path = ../../../images/fish.jpg; sourceTree = "<group>"; };
		416198C41FAC756C00B3BDD1 /* face.jpg */ = {isa = PBXFileReference; lastKnownFileType = image.jpeg; name = face.jpg; path = ../../../images/face.jpg; sourceTree = "<group>"; };
		416198C51FAC756C00B3BDD1 /* hearth.png */ = {isa = PBXFileReference; lastKnownFileType = image.png; name = hearth.png; path = ../../../images/hearth.png; sourceTree = "<group>"; };
		416198C61FAC757300B3BDD1 /* mainMenu.jpg */ = {isa = PBXFileReference; lastKnownFileType = image.jpeg; name = mainMenu.jpg; path = ../../../images/mainMenu.jpg; sourceTree = "<group>"; };
		416198C71FAC757A00B3BDD1 /* yoga.jpg */ = {isa = PBXFileReference; lastKnownFileType = image.jpeg; name = yoga.jpg; path = ../../../images/yoga.jpg; sourceTree = "<group>"; };
		416198CE1FAC786A00B3BDD1 /* menu.png */ = {isa = PBXFileReference; lastKnownFileType = image.png; path = menu.png; sourceTree = "<group>"; };
		416198D01FAC848F00B3BDD1 /* DesignView.swift */ = {isa = PBXFileReference; lastKnownFileType = sourcecode.swift; path = DesignView.swift; sourceTree = "<group>"; };
		416198D21FACB40A00B3BDD1 /* menu (1).png */ = {isa = PBXFileReference; lastKnownFileType = image.png; path = "menu (1).png"; sourceTree = "<group>"; };
		416198D41FACB4E000B3BDD1 /* mainMenu2.jpg */ = {isa = PBXFileReference; lastKnownFileType = image.jpeg; path = mainMenu2.jpg; sourceTree = "<group>"; };
		416198D61FACB51700B3BDD1 /* mainMenu3.jpg */ = {isa = PBXFileReference; lastKnownFileType = image.jpeg; path = mainMenu3.jpg; sourceTree = "<group>"; };
		41A078351F91171000CD60BD /* ASLI.app */ = {isa = PBXFileReference; explicitFileType = wrapper.application; includeInIndex = 0; path = ASLI.app; sourceTree = BUILT_PRODUCTS_DIR; };
		41A078381F91171000CD60BD /* AppDelegate.swift */ = {isa = PBXFileReference; lastKnownFileType = sourcecode.swift; path = AppDelegate.swift; sourceTree = "<group>"; };
		41A0783A1F91171000CD60BD /* ViewController.swift */ = {isa = PBXFileReference; lastKnownFileType = sourcecode.swift; path = ViewController.swift; sourceTree = "<group>"; };
		41A0783D1F91171000CD60BD /* Base */ = {isa = PBXFileReference; lastKnownFileType = file.storyboard; name = Base; path = Base.lproj/Main.storyboard; sourceTree = "<group>"; };
		41A0783F1F91171000CD60BD /* Assets.xcassets */ = {isa = PBXFileReference; lastKnownFileType = folder.assetcatalog; path = Assets.xcassets; sourceTree = "<group>"; };
		41A078421F91171000CD60BD /* Base */ = {isa = PBXFileReference; lastKnownFileType = file.storyboard; name = Base; path = Base.lproj/LaunchScreen.storyboard; sourceTree = "<group>"; };
		41A078441F91171000CD60BD /* Info.plist */ = {isa = PBXFileReference; lastKnownFileType = text.plist.xml; path = Info.plist; sourceTree = "<group>"; };
		41A0784A1F914BD000CD60BD /* SideMenuVC.swift */ = {isa = PBXFileReference; lastKnownFileType = sourcecode.swift; path = SideMenuVC.swift; sourceTree = "<group>"; };
		41A0784C1F91FE7400CD60BD /* MainVC.swift */ = {isa = PBXFileReference; lastKnownFileType = sourcecode.swift; path = MainVC.swift; sourceTree = "<group>"; };
		41A078501F92681A00CD60BD /* ExercisesVC.swift */ = {isa = PBXFileReference; lastKnownFileType = sourcecode.swift; path = ExercisesVC.swift; sourceTree = "<group>"; };
		41A078551F937CAA00CD60BD /* ExercisesVCTableViewCell.swift */ = {isa = PBXFileReference; lastKnownFileType = sourcecode.swift; path = ExercisesVCTableViewCell.swift; sourceTree = "<group>"; };
		4DCAB77279F074B161B2ECDA /* Pods-ASLI.release.xcconfig */ = {isa = PBXFileReference; includeInIndex = 1; lastKnownFileType = text.xcconfig; name = "Pods-ASLI.release.xcconfig"; path = "Pods/Target Support Files/Pods-ASLI/Pods-ASLI.release.xcconfig"; sourceTree = "<group>"; };
		8B60F1C38F9D7DCAD0A962D0 /* Pods-ASLI.debug.xcconfig */ = {isa = PBXFileReference; includeInIndex = 1; lastKnownFileType = text.xcconfig; name = "Pods-ASLI.debug.xcconfig"; path = "Pods/Target Support Files/Pods-ASLI/Pods-ASLI.debug.xcconfig"; sourceTree = "<group>"; };
		D7EFEDACCBB772A47955C63A /* Pods_ASLI.framework */ = {isa = PBXFileReference; explicitFileType = wrapper.framework; includeInIndex = 0; path = Pods_ASLI.framework; sourceTree = BUILT_PRODUCTS_DIR; };
/* End PBXFileReference section */

/* Begin PBXFrameworksBuildPhase section */
		41A078321F91171000CD60BD /* Frameworks */ = {
			isa = PBXFrameworksBuildPhase;
			buildActionMask = 2147483647;
			files = (
			);
			runOnlyForDeploymentPostprocessing = 0;
		};
/* End PBXFrameworksBuildPhase section */

/* Begin PBXGroup section */
		41A0782C1F91171000CD60BD = {
			isa = PBXGroup;
			children = (
				41A078371F91171000CD60BD /* ASLI */,
				41A078361F91171000CD60BD /* Products */,
				C0F3DCCDD2D57BEF5754E1DF /* Pods */,
				D939B4E3452DEDF0CA1C5B9F /* Frameworks */,
			);
			sourceTree = "<group>";
		};
		41A078361F91171000CD60BD /* Products */ = {
			isa = PBXGroup;
			children = (
				41A078351F91171000CD60BD /* ASLI.app */,
			);
			name = Products;
			sourceTree = "<group>";
		};
		41A078371F91171000CD60BD /* ASLI */ = {
			isa = PBXGroup;
			children = (
				416198CE1FAC786A00B3BDD1 /* menu.png */,
				416198D21FACB40A00B3BDD1 /* menu (1).png */,
				416198D61FACB51700B3BDD1 /* mainMenu3.jpg */,
				416198C41FAC756C00B3BDD1 /* face.jpg */,
				416198D41FACB4E000B3BDD1 /* mainMenu2.jpg */,
				416198C31FAC756C00B3BDD1 /* fish.jpg */,
				416198C51FAC756C00B3BDD1 /* hearth.png */,
				416198C21FAC756B00B3BDD1 /* like_on.png */,
				416198C61FAC757300B3BDD1 /* mainMenu.jpg */,
				416198C71FAC757A00B3BDD1 /* yoga.jpg */,
				410249BB1FA1EB9800E8EF80 /* Movement+CoreDataClass.swift */,
				410249BC1FA1EB9800E8EF80 /* Movement+CoreDataProperties.swift */,
				416198D01FAC848F00B3BDD1 /* DesignView.swift */,
				41A078381F91171000CD60BD /* AppDelegate.swift */,
				41A0784C1F91FE7400CD60BD /* MainVC.swift */,
				41A0784A1F914BD000CD60BD /* SideMenuVC.swift */,
				41A078501F92681A00CD60BD /* ExercisesVC.swift */,
				41A078551F937CAA00CD60BD /* ExercisesVCTableViewCell.swift */,
				412D39751FA0F7AC00B18BD7 /* ExerciseDetailVC.swift */,
				410249BF1FA1F25D00E8EF80 /* LikedExercisesVC.swift */,
				4102934C1FB266E300F2C857 /* LikedVCTableViewCell.swift */,
				41A0783A1F91171000CD60BD /* ViewController.swift */,
				410249B91FA1E57700E8EF80 /* PersistenceService.swift */,
				41A0783C1F91171000CD60BD /* Main.storyboard */,
				41A0783F1F91171000CD60BD /* Assets.xcassets */,
				41A078411F91171000CD60BD /* LaunchScreen.storyboard */,
				41A078441F91171000CD60BD /* Info.plist */,
				410249AC1FA1C86F00E8EF80 /* ASLI.xcdatamodeld */,
			);
			path = ASLI;
			sourceTree = "<group>";
		};
		C0F3DCCDD2D57BEF5754E1DF /* Pods */ = {
			isa = PBXGroup;
			children = (
				8B60F1C38F9D7DCAD0A962D0 /* Pods-ASLI.debug.xcconfig */,
				4DCAB77279F074B161B2ECDA /* Pods-ASLI.release.xcconfig */,
			);
			name = Pods;
			sourceTree = "<group>";
		};
		D939B4E3452DEDF0CA1C5B9F /* Frameworks */ = {
			isa = PBXGroup;
			children = (
				D7EFEDACCBB772A47955C63A /* Pods_ASLI.framework */,
			);
			name = Frameworks;
			sourceTree = "<group>";
		};
/* End PBXGroup section */

/* Begin PBXNativeTarget section */
		41A078341F91171000CD60BD /* ASLI */ = {
			isa = PBXNativeTarget;
			buildConfigurationList = 41A078471F91171000CD60BD /* Build configuration list for PBXNativeTarget "ASLI" */;
			buildPhases = (
				A6D6597D8A96F5483DD9355D /* [CP] Check Pods Manifest.lock */,
				41A078311F91171000CD60BD /* Sources */,
				41A078321F91171000CD60BD /* Frameworks */,
				41A078331F91171000CD60BD /* Resources */,
				41481DE5F8E2060E10799738 /* [CP] Embed Pods Frameworks */,
				7BADA5E59D4EB72AE56E4F12 /* [CP] Copy Pods Resources */,
			);
			buildRules = (
			);
			dependencies = (
			);
			name = ASLI;
			productName = ASLI;
			productReference = 41A078351F91171000CD60BD /* ASLI.app */;
			productType = "com.apple.product-type.application";
		};
/* End PBXNativeTarget section */

/* Begin PBXProject section */
		41A0782D1F91171000CD60BD /* Project object */ = {
			isa = PBXProject;
			attributes = {
				LastSwiftUpdateCheck = 0900;
				LastUpgradeCheck = 0900;
				ORGANIZATIONNAME = "Ali Can Erkilic";
				TargetAttributes = {
					41A078341F91171000CD60BD = {
						CreatedOnToolsVersion = 9.0;
						ProvisioningStyle = Automatic;
					};
				};
			};
			buildConfigurationList = 41A078301F91171000CD60BD /* Build configuration list for PBXProject "ASLI" */;
			compatibilityVersion = "Xcode 8.0";
			developmentRegion = en;
			hasScannedForEncodings = 0;
			knownRegions = (
				en,
				Base,
			);
			mainGroup = 41A0782C1F91171000CD60BD;
			productRefGroup = 41A078361F91171000CD60BD /* Products */;
			projectDirPath = "";
			projectRoot = "";
			targets = (
				41A078341F91171000CD60BD /* ASLI */,
			);
		};
/* End PBXProject section */

/* Begin PBXResourcesBuildPhase section */
		41A078331F91171000CD60BD /* Resources */ = {
			isa = PBXResourcesBuildPhase;
			buildActionMask = 2147483647;
			files = (
				41A078431F91171000CD60BD /* LaunchScreen.storyboard in Resources */,
				416198CA1FAC758400B3BDD1 /* hearth.png in Resources */,
				416198C91FAC758100B3BDD1 /* fish.jpg in Resources */,
				41A078401F91171000CD60BD /* Assets.xcassets in Resources */,
				416198D51FACB4E500B3BDD1 /* mainMenu2.jpg in Resources */,
				416198CD1FAC758B00B3BDD1 /* yoga.jpg in Resources */,
				416198C81FAC757D00B3BDD1 /* face.jpg in Resources */,
				416198D71FACB51A00B3BDD1 /* mainMenu3.jpg in Resources */,
				416198CF1FAC786F00B3BDD1 /* menu.png in Resources */,
				416198CC1FAC758900B3BDD1 /* mainMenu.jpg in Resources */,
				416198D31FACB40F00B3BDD1 /* menu (1).png in Resources */,
				41A0783E1F91171000CD60BD /* Main.storyboard in Resources */,
				416198CB1FAC758600B3BDD1 /* like_on.png in Resources */,
			);
			runOnlyForDeploymentPostprocessing = 0;
		};
/* End PBXResourcesBuildPhase section */

/* Begin PBXShellScriptBuildPhase section */
		41481DE5F8E2060E10799738 /* [CP] Embed Pods Frameworks */ = {
			isa = PBXShellScriptBuildPhase;
			buildActionMask = 2147483647;
			files = (
			);
			inputPaths = (
				"${SRCROOT}/Pods/Target Support Files/Pods-ASLI/Pods-ASLI-frameworks.sh",
				"${BUILT_PRODUCTS_DIR}/lottie-ios/Lottie.framework",
			);
			name = "[CP] Embed Pods Frameworks";
			outputPaths = (
				"${TARGET_BUILD_DIR}/${FRAMEWORKS_FOLDER_PATH}/Lottie.framework",
			);
			runOnlyForDeploymentPostprocessing = 0;
			shellPath = /bin/sh;
			shellScript = "\"${SRCROOT}/Pods/Target Support Files/Pods-ASLI/Pods-ASLI-frameworks.sh\"\n";
			showEnvVarsInLog = 0;
		};
		7BADA5E59D4EB72AE56E4F12 /* [CP] Copy Pods Resources */ = {
			isa = PBXShellScriptBuildPhase;
			buildActionMask = 2147483647;
			files = (
			);
			inputPaths = (
			);
			name = "[CP] Copy Pods Resources";
			outputPaths = (
			);
			runOnlyForDeploymentPostprocessing = 0;
			shellPath = /bin/sh;
			shellScript = "\"${SRCROOT}/Pods/Target Support Files/Pods-ASLI/Pods-ASLI-resources.sh\"\n";
			showEnvVarsInLog = 0;
		};
		A6D6597D8A96F5483DD9355D /* [CP] Check Pods Manifest.lock */ = {
			isa = PBXShellScriptBuildPhase;
			buildActionMask = 2147483647;
			files = (
			);
			inputPaths = (
				"${PODS_PODFILE_DIR_PATH}/Podfile.lock",
				"${PODS_ROOT}/Manifest.lock",
			);
			name = "[CP] Check Pods Manifest.lock";
			outputPaths = (
				"$(DERIVED_FILE_DIR)/Pods-ASLI-checkManifestLockResult.txt",
			);
			runOnlyForDeploymentPostprocessing = 0;
			shellPath = /bin/sh;
			shellScript = "diff \"${PODS_PODFILE_DIR_PATH}/Podfile.lock\" \"${PODS_ROOT}/Manifest.lock\" > /dev/null\nif [ $? != 0 ] ; then\n    # print error to STDERR\n    echo \"error: The sandbox is not in sync with the Podfile.lock. Run 'pod install' or update your CocoaPods installation.\" >&2\n    exit 1\nfi\n# This output is used by Xcode 'outputs' to avoid re-running this script phase.\necho \"SUCCESS\" > \"${SCRIPT_OUTPUT_FILE_0}\"\n";
			showEnvVarsInLog = 0;
		};
/* End PBXShellScriptBuildPhase section */

/* Begin PBXSourcesBuildPhase section */
		41A078311F91171000CD60BD /* Sources */ = {
			isa = PBXSourcesBuildPhase;
			buildActionMask = 2147483647;
			files = (
				410249C01FA1F25D00E8EF80 /* LikedExercisesVC.swift in Sources */,
				41A0783B1F91171000CD60BD /* ViewController.swift in Sources */,
				410249BE1FA1EB9800E8EF80 /* Movement+CoreDataProperties.swift in Sources */,
				41A078511F92681A00CD60BD /* ExercisesVC.swift in Sources */,
				416198D11FAC848F00B3BDD1 /* DesignView.swift in Sources */,
				41A0784D1F91FE7400CD60BD /* MainVC.swift in Sources */,
				41A078561F937CAA00CD60BD /* ExercisesVCTableViewCell.swift in Sources */,
				410249BA1FA1E57800E8EF80 /* PersistenceService.swift in Sources */,
				41A078391F91171000CD60BD /* AppDelegate.swift in Sources */,
				410249AE1FA1C86F00E8EF80 /* ASLI.xcdatamodeld in Sources */,
				4102934D1FB266E300F2C857 /* LikedVCTableViewCell.swift in Sources */,
				41A0784B1F914BD000CD60BD /* SideMenuVC.swift in Sources */,
				412D39761FA0F7AC00B18BD7 /* ExerciseDetailVC.swift in Sources */,
				410249BD1FA1EB9800E8EF80 /* Movement+CoreDataClass.swift in Sources */,
			);
			runOnlyForDeploymentPostprocessing = 0;
		};
/* End PBXSourcesBuildPhase section */

/* Begin PBXVariantGroup section */
		41A0783C1F91171000CD60BD /* Main.storyboard */ = {
			isa = PBXVariantGroup;
			children = (
				41A0783D1F91171000CD60BD /* Base */,
			);
			name = Main.storyboard;
			sourceTree = "<group>";
		};
		41A078411F91171000CD60BD /* LaunchScreen.storyboard */ = {
			isa = PBXVariantGroup;
			children = (
				41A078421F91171000CD60BD /* Base */,
			);
			name = LaunchScreen.storyboard;
			sourceTree = "<group>";
		};
/* End PBXVariantGroup section */

/* Begin XCBuildConfiguration section */
		41A078451F91171000CD60BD /* Debug */ = {
			isa = XCBuildConfiguration;
			buildSettings = {
				ALWAYS_SEARCH_USER_PATHS = NO;
				CLANG_ANALYZER_NONNULL = YES;
				CLANG_ANALYZER_NUMBER_OBJECT_CONVERSION = YES_AGGRESSIVE;
				CLANG_CXX_LANGUAGE_STANDARD = "gnu++14";
				CLANG_CXX_LIBRARY = "libc++";
				CLANG_ENABLE_MODULES = YES;
				CLANG_ENABLE_OBJC_ARC = YES;
				CLANG_WARN_BLOCK_CAPTURE_AUTORELEASING = YES;
				CLANG_WARN_BOOL_CONVERSION = YES;
				CLANG_WARN_COMMA = YES;
				CLANG_WARN_CONSTANT_CONVERSION = YES;
				CLANG_WARN_DIRECT_OBJC_ISA_USAGE = YES_ERROR;
				CLANG_WARN_DOCUMENTATION_COMMENTS = YES;
				CLANG_WARN_EMPTY_BODY = YES;
				CLANG_WARN_ENUM_CONVERSION = YES;
				CLANG_WARN_INFINITE_RECURSION = YES;
				CLANG_WARN_INT_CONVERSION = YES;
				CLANG_WARN_NON_LITERAL_NULL_CONVERSION = YES;
				CLANG_WARN_OBJC_LITERAL_CONVERSION = YES;
				CLANG_WARN_OBJC_ROOT_CLASS = YES_ERROR;
				CLANG_WARN_RANGE_LOOP_ANALYSIS = YES;
				CLANG_WARN_STRICT_PROTOTYPES = YES;
				CLANG_WARN_SUSPICIOUS_MOVE = YES;
				CLANG_WARN_UNGUARDED_AVAILABILITY = YES_AGGRESSIVE;
				CLANG_WARN_UNREACHABLE_CODE = YES;
				CLANG_WARN__DUPLICATE_METHOD_MATCH = YES;
				CODE_SIGN_IDENTITY = "iPhone Developer";
				COPY_PHASE_STRIP = NO;
				DEBUG_INFORMATION_FORMAT = dwarf;
				ENABLE_STRICT_OBJC_MSGSEND = YES;
				ENABLE_TESTABILITY = YES;
				GCC_C_LANGUAGE_STANDARD = gnu11;
				GCC_DYNAMIC_NO_PIC = NO;
				GCC_NO_COMMON_BLOCKS = YES;
				GCC_OPTIMIZATION_LEVEL = 0;
				GCC_PREPROCESSOR_DEFINITIONS = (
					"DEBUG=1",
					"$(inherited)",
				);
				GCC_WARN_64_TO_32_BIT_CONVERSION = YES;
				GCC_WARN_ABOUT_RETURN_TYPE = YES_ERROR;
				GCC_WARN_UNDECLARED_SELECTOR = YES;
				GCC_WARN_UNINITIALIZED_AUTOS = YES_AGGRESSIVE;
				GCC_WARN_UNUSED_FUNCTION = YES;
				GCC_WARN_UNUSED_VARIABLE = YES;
				IPHONEOS_DEPLOYMENT_TARGET = 11.0;
				MTL_ENABLE_DEBUG_INFO = YES;
				ONLY_ACTIVE_ARCH = YES;
				SDKROOT = iphoneos;
				SWIFT_ACTIVE_COMPILATION_CONDITIONS = DEBUG;
				SWIFT_OPTIMIZATION_LEVEL = "-Onone";
			};
			name = Debug;
		};
		41A078461F91171000CD60BD /* Release */ = {
			isa = XCBuildConfiguration;
			buildSettings = {
				ALWAYS_SEARCH_USER_PATHS = NO;
				CLANG_ANALYZER_NONNULL = YES;
				CLANG_ANALYZER_NUMBER_OBJECT_CONVERSION = YES_AGGRESSIVE;
				CLANG_CXX_LANGUAGE_STANDARD = "gnu++14";
				CLANG_CXX_LIBRARY = "libc++";
				CLANG_ENABLE_MODULES = YES;
				CLANG_ENABLE_OBJC_ARC = YES;
				CLANG_WARN_BLOCK_CAPTURE_AUTORELEASING = YES;
				CLANG_WARN_BOOL_CONVERSION = YES;
				CLANG_WARN_COMMA = YES;
				CLANG_WARN_CONSTANT_CONVERSION = YES;
				CLANG_WARN_DIRECT_OBJC_ISA_USAGE = YES_ERROR;
				CLANG_WARN_DOCUMENTATION_COMMENTS = YES;
				CLANG_WARN_EMPTY_BODY = YES;
				CLANG_WARN_ENUM_CONVERSION = YES;
				CLANG_WARN_INFINITE_RECURSION = YES;
				CLANG_WARN_INT_CONVERSION = YES;
				CLANG_WARN_NON_LITERAL_NULL_CONVERSION = YES;
				CLANG_WARN_OBJC_LITERAL_CONVERSION = YES;
				CLANG_WARN_OBJC_ROOT_CLASS = YES_ERROR;
				CLANG_WARN_RANGE_LOOP_ANALYSIS = YES;
				CLANG_WARN_STRICT_PROTOTYPES = YES;
				CLANG_WARN_SUSPICIOUS_MOVE = YES;
				CLANG_WARN_UNGUARDED_AVAILABILITY = YES_AGGRESSIVE;
				CLANG_WARN_UNREACHABLE_CODE = YES;
				CLANG_WARN__DUPLICATE_METHOD_MATCH = YES;
				CODE_SIGN_IDENTITY = "iPhone Developer";
				COPY_PHASE_STRIP = NO;
				DEBUG_INFORMATION_FORMAT = "dwarf-with-dsym";
				ENABLE_NS_ASSERTIONS = NO;
				ENABLE_STRICT_OBJC_MSGSEND = YES;
				GCC_C_LANGUAGE_STANDARD = gnu11;
				GCC_NO_COMMON_BLOCKS = YES;
				GCC_WARN_64_TO_32_BIT_CONVERSION = YES;
				GCC_WARN_ABOUT_RETURN_TYPE = YES_ERROR;
				GCC_WARN_UNDECLARED_SELECTOR = YES;
				GCC_WARN_UNINITIALIZED_AUTOS = YES_AGGRESSIVE;
				GCC_WARN_UNUSED_FUNCTION = YES;
				GCC_WARN_UNUSED_VARIABLE = YES;
				IPHONEOS_DEPLOYMENT_TARGET = 11.0;
				MTL_ENABLE_DEBUG_INFO = NO;
				SDKROOT = iphoneos;
				SWIFT_OPTIMIZATION_LEVEL = "-Owholemodule";
				VALIDATE_PRODUCT = YES;
			};
			name = Release;
		};
		41A078481F91171000CD60BD /* Debug */ = {
			isa = XCBuildConfiguration;
			baseConfigurationReference = 8B60F1C38F9D7DCAD0A962D0 /* Pods-ASLI.debug.xcconfig */;
			buildSettings = {
				ASSETCATALOG_COMPILER_APPICON_NAME = AppIcon;
				CODE_SIGN_STYLE = Automatic;
				DEVELOPMENT_TEAM = 66GNL33E25;
				INFOPLIST_FILE = ASLI/Info.plist;
				LD_RUNPATH_SEARCH_PATHS = "$(inherited) @executable_path/Frameworks";
				PRODUCT_BUNDLE_IDENTIFIER = com.alierk.ASLI;
				PRODUCT_NAME = "$(TARGET_NAME)";
				SWIFT_VERSION = 4.0;
				TARGETED_DEVICE_FAMILY = "1,2";
			};
			name = Debug;
		};
		41A078491F91171000CD60BD /* Release */ = {
			isa = XCBuildConfiguration;
			baseConfigurationReference = 4DCAB77279F074B161B2ECDA /* Pods-ASLI.release.xcconfig */;
			buildSettings = {
				ASSETCATALOG_COMPILER_APPICON_NAME = AppIcon;
				CODE_SIGN_STYLE = Automatic;
				DEVELOPMENT_TEAM = 66GNL33E25;
				INFOPLIST_FILE = ASLI/Info.plist;
				LD_RUNPATH_SEARCH_PATHS = "$(inherited) @executable_path/Frameworks";
				PRODUCT_BUNDLE_IDENTIFIER = com.alierk.ASLI;
				PRODUCT_NAME = "$(TARGET_NAME)";
				SWIFT_VERSION = 4.0;
				TARGETED_DEVICE_FAMILY = "1,2";
			};
			name = Release;
		};
/* End XCBuildConfiguration section */

/* Begin XCConfigurationList section */
		41A078301F91171000CD60BD /* Build configuration list for PBXProject "ASLI" */ = {
			isa = XCConfigurationList;
			buildConfigurations = (
				41A078451F91171000CD60BD /* Debug */,
				41A078461F91171000CD60BD /* Release */,
			);
			defaultConfigurationIsVisible = 0;
			defaultConfigurationName = Release;
		};
		41A078471F91171000CD60BD /* Build configuration list for PBXNativeTarget "ASLI" */ = {
			isa = XCConfigurationList;
			buildConfigurations = (
				41A078481F91171000CD60BD /* Debug */,
				41A078491F91171000CD60BD /* Release */,
			);
			defaultConfigurationIsVisible = 0;
			defaultConfigurationName = Release;
		};
/* End XCConfigurationList section */

/* Begin XCVersionGroup section */
		410249AC1FA1C86F00E8EF80 /* ASLI.xcdatamodeld */ = {
			isa = XCVersionGroup;
			children = (
				410249AD1FA1C86F00E8EF80 /* ASLI.xcdatamodel */,
			);
			currentVersion = 410249AD1FA1C86F00E8EF80 /* ASLI.xcdatamodel */;
			path = ASLI.xcdatamodeld;
			sourceTree = "<group>";
			versionGroupType = wrapper.xcdatamodel;
		};
/* End XCVersionGroup section */
	};
	rootObject = 41A0782D1F91171000CD60BD /* Project object */;
}
